# THIS IS AN AUTOGENERATED FILE. DO NOT EDIT THIS FILE DIRECTLY.
# yarn lockfile v1


"zustand@^3.7.0":
  "integrity" "sha512-USzVzLGrvZ8VK1/sEsOAmeqa8N7D3OBdZskVaL7DL89Q4QLTYD053iIlZ5KDidyZ+Od80Dttin/f8ZulOLFFDQ=="
  "resolved" "https://registry.npmjs.org/zustand/-/zustand-3.7.0.tgz"
  "version" "3.7.0"
