{
	"name": "@disco3/metamask",
	"version": "0.0.11",
	"lockfileVersion": 2,
	"requires": true,
	"packages": {
		"": {
			"name": "@disco3/metamask",
			"version": "0.0.7",
			"dependencies": {
				"@metamask/detect-provider": "^1.2.0"
			}
		},
		"../store": {
			"name": "@disco3/store",
			"version": "0.0.7",
			"extraneous": true,
			"dependencies": {
				"@ethersproject/address": "^5.4.0",
				"zustand": "^4.0.0-beta.0"
			}
		},
		"../types": {
			"name": "@disco3/types",
			"version": "0.0.7",
			"extraneous": true,
			"dependencies": {
				"zustand": "^4.0.0-beta.0"
			}
		},
		"node_modules/@metamask/detect-provider": {
			"version": "1.2.0",
			"resolved": "https://registry.npmjs.org/@metamask/detect-provider/-/detect-provider-1.2.0.tgz",
			"integrity": "sha512-ocA76vt+8D0thgXZ7LxFPyqw3H7988qblgzddTDA6B8a/yU0uKV42QR/DhA+Jh11rJjxW0jKvwb5htA6krNZDQ==",
			"engines": {
				"node": ">= 10"
			}
		}
	},
	"dependencies": {
		"@metamask/detect-provider": {
			"version": "1.2.0",
			"resolved": "https://registry.npmjs.org/@metamask/detect-provider/-/detect-provider-1.2.0.tgz",
			"integrity": "sha512-ocA76vt+8D0thgXZ7LxFPyqw3H7988qblgzddTDA6B8a/yU0uKV42QR/DhA+Jh11rJjxW0jKvwb5htA6krNZDQ=="
		}
	}
}
