{
  "name": "@disco3/store",
  "version": "0.0.13",
  "lockfileVersion": 2,
  "requires": true,
  "packages": {
    "": {
      "name": "@disco3/store",
      "version": "0.0.7",
      "license": "MPL-2.0",
      "dependencies": {
        "@disco3/types": "^0.0.9",
        "@ethersproject/address": "^5.5.0",
        "zustand": "^4.0.0-beta.0"
      }
    },
    "node_modules/@disco3/types": {
      "version": "0.0.9",
      "resolved": "https://registry.npmjs.org/@disco3/types/-/types-0.0.9.tgz",
      "integrity": "sha512-FhBk5aV1td/sck0FiNGqQQ9KuGNT3gN8RqCE4dJ1ne4nubpjWtvr7Vx7OrKNbI+sgYCHOwG5LzzwEIEavdjfqA==",
      "dependencies": {
        "zustand": "^4.0.0-beta.0"
      }
    },
    "node_modules/@ethersproject/address": {
      "version": "5.5.0",
      "resolved": "https://registry.npmjs.org/@ethersproject/address/-/address-5.5.0.tgz",
      "integrity": "sha512-l4Nj0eWlTUh6ro5IbPTgbpT4wRbdH5l8CQf7icF7sb/SI3Nhd9Y9HzhonTSTi6CefI0necIw7LJqQPopPLZyWw==",
      "funding": [
        {
          "type": "individual",
          "url": "https://gitcoin.co/grants/13/ethersjs-complete-simple-and-tiny-2"
        },
        {
          "type": "individual",
          "url": "https://www.buymeacoffee.com/ricmoo"
        }
      ],
      "dependencies": {
        "@ethersproject/bignumber": "^5.5.0",
        "@ethersproject/bytes": "^5.5.0",
        "@ethersproject/keccak256": "^5.5.0",
        "@ethersproject/logger": "^5.5.0",
        "@ethersproject/rlp": "^5.5.0"
      }
    },
    "node_modules/@ethersproject/bignumber": {
      "version": "5.5.0",
      "resolved": "https://registry.npmjs.org/@ethersproject/bignumber/-/bignumber-5.5.0.tgz",
      "integrity": "sha512-6Xytlwvy6Rn3U3gKEc1vP7nR92frHkv6wtVr95LFR3jREXiCPzdWxKQ1cx4JGQBXxcguAwjA8murlYN2TSiEbg==",
      "funding": [
        {
          "type": "individual",
          "url": "https://gitcoin.co/grants/13/ethersjs-complete-simple-and-tiny-2"
        },
        {
          "type": "individual",
          "url": "https://www.buymeacoffee.com/ricmoo"
        }
      ],
      "dependencies": {
        "@ethersproject/bytes": "^5.5.0",
        "@ethersproject/logger": "^5.5.0",
        "bn.js": "^4.11.9"
      }
    },
    "node_modules/@ethersproject/bytes": {
      "version": "5.5.0",
      "resolved": "https://registry.npmjs.org/@ethersproject/bytes/-/bytes-5.5.0.tgz",
      "integrity": "sha512-ABvc7BHWhZU9PNM/tANm/Qx4ostPGadAuQzWTr3doklZOhDlmcBqclrQe/ZXUIj3K8wC28oYeuRa+A37tX9kog==",
      "funding": [
        {
          "type": "individual",
          "url": "https://gitcoin.co/grants/13/ethersjs-complete-simple-and-tiny-2"
        },
        {
          "type": "individual",
          "url": "https://www.buymeacoffee.com/ricmoo"
        }
      ],
      "dependencies": {
        "@ethersproject/logger": "^5.5.0"
      }
    },
    "node_modules/@ethersproject/keccak256": {
      "version": "5.5.0",
      "resolved": "https://registry.npmjs.org/@ethersproject/keccak256/-/keccak256-5.5.0.tgz",
      "integrity": "sha512-5VoFCTjo2rYbBe1l2f4mccaRFN/4VQEYFwwn04aJV2h7qf4ZvI2wFxUE1XOX+snbwCLRzIeikOqtAoPwMza9kg==",
      "funding": [
        {
          "type": "individual",
          "url": "https://gitcoin.co/grants/13/ethersjs-complete-simple-and-tiny-2"
        },
        {
          "type": "individual",
          "url": "https://www.buymeacoffee.com/ricmoo"
        }
      ],
      "dependencies": {
        "@ethersproject/bytes": "^5.5.0",
        "js-sha3": "0.8.0"
      }
    },
    "node_modules/@ethersproject/logger": {
      "version": "5.5.0",
      "resolved": "https://registry.npmjs.org/@ethersproject/logger/-/logger-5.5.0.tgz",
      "integrity": "sha512-rIY/6WPm7T8n3qS2vuHTUBPdXHl+rGxWxW5okDfo9J4Z0+gRRZT0msvUdIJkE4/HS29GUMziwGaaKO2bWONBrg==",
      "funding": [
        {
          "type": "individual",
          "url": "https://gitcoin.co/grants/13/ethersjs-complete-simple-and-tiny-2"
        },
        {
          "type": "individual",
          "url": "https://www.buymeacoffee.com/ricmoo"
        }
      ]
    },
    "node_modules/@ethersproject/rlp": {
      "version": "5.5.0",
      "resolved": "https://registry.npmjs.org/@ethersproject/rlp/-/rlp-5.5.0.tgz",
      "integrity": "sha512-hLv8XaQ8PTI9g2RHoQGf/WSxBfTB/NudRacbzdxmst5VHAqd1sMibWG7SENzT5Dj3yZ3kJYx+WiRYEcQTAkcYA==",
      "funding": [
        {
          "type": "individual",
          "url": "https://gitcoin.co/grants/13/ethersjs-complete-simple-and-tiny-2"
        },
        {
          "type": "individual",
          "url": "https://www.buymeacoffee.com/ricmoo"
        }
      ],
      "dependencies": {
        "@ethersproject/bytes": "^5.5.0",
        "@ethersproject/logger": "^5.5.0"
      }
    },
    "node_modules/bn.js": {
      "version": "4.12.0",
      "resolved": "https://registry.npmjs.org/bn.js/-/bn.js-4.12.0.tgz",
      "integrity": "sha512-c98Bf3tPniI+scsdk237ku1Dc3ujXQTSgyiPUDEOe7tRkhrqridvh8klBv0HCEso1OLOYcHuCv/cS6DNxKH+ZA=="
    },
    "node_modules/js-sha3": {
      "version": "0.8.0",
      "resolved": "https://registry.npmjs.org/js-sha3/-/js-sha3-0.8.0.tgz",
      "integrity": "sha512-gF1cRrHhIzNfToc802P800N8PpXS+evLLXfsVpowqmAFR9uwbi89WvXg2QspOmXL8QL86J4T1EpFu+yUkwJY3Q=="
    },
    "node_modules/js-tokens": {
      "version": "4.0.0",
      "resolved": "https://registry.npmjs.org/js-tokens/-/js-tokens-4.0.0.tgz",
      "integrity": "sha512-RdJUflcE3cUzKiMqQgsCu06FPu9UdIJO0beYbPhHN4k6apgJtifcoCtT9bcxOpYBtpD2kCM6Sbzg4CausW/PKQ==",
      "peer": true
    },
    "node_modules/loose-envify": {
      "version": "1.4.0",
      "resolved": "https://registry.npmjs.org/loose-envify/-/loose-envify-1.4.0.tgz",
      "integrity": "sha512-lyuxPGr/Wfhrlem2CL/UcnUc1zcqKAImBDzukY7Y5F/yQiNdko6+fRLevlw1HgMySw7f611UIY408EtxRSoK3Q==",
      "peer": true,
      "dependencies": {
        "js-tokens": "^3.0.0 || ^4.0.0"
      },
      "bin": {
        "loose-envify": "cli.js"
      }
    },
    "node_modules/object-assign": {
      "version": "4.1.1",
      "resolved": "https://registry.npmjs.org/object-assign/-/object-assign-4.1.1.tgz",
      "integrity": "sha1-IQmtx5ZYh8/AXLvUQsrIv7s2CGM=",
      "peer": true,
      "engines": {
        "node": ">=0.10.0"
      }
    },
    "node_modules/react": {
      "version": "18.0.0-beta-96ca8d915-20211115",
      "resolved": "https://registry.npmjs.org/react/-/react-18.0.0-beta-96ca8d915-20211115.tgz",
      "integrity": "sha512-Io6qvToVSO1UWNWbJSH16gbgYTkseSbfpQvLaB7JPutt0QVvjpUlEE0nfmww77CFdawxGkyfm/x4zvNTlMkHsw==",
      "peer": true,
      "dependencies": {
        "loose-envify": "^1.1.0",
        "object-assign": "^4.1.1"
      },
      "engines": {
        "node": ">=0.10.0"
      }
    },
    "node_modules/use-sync-external-store": {
      "version": "1.0.0-beta-96ca8d915-20211115",
      "resolved": "https://registry.npmjs.org/use-sync-external-store/-/use-sync-external-store-1.0.0-beta-96ca8d915-20211115.tgz",
      "integrity": "sha512-Xkzd7SoZv29jYc95GO0k1v69oSHUdC+4nNaBQ309zvFFyvzYn+I87ee+OD1RKF8SGRwkEJQxjyFzYRcncdpSSg==",
      "peerDependencies": {
        "react": "18.0.0-beta-96ca8d915-20211115"
      }
    },
    "node_modules/zustand": {
      "version": "4.0.0-beta.0",
      "resolved": "https://registry.npmjs.org/zustand/-/zustand-4.0.0-beta.0.tgz",
      "integrity": "sha512-m7POAHkAeTEQqUdGC9M62/KXSsX6YQu6Gd4CiGZ6FOOTaUp1a0Hm9D8/fnBiMv8rGg0dfZu19JFSbRT9b+qQwA==",
      "dependencies": {
        "use-sync-external-store": "1.0.0-beta-96ca8d915-20211115"
      },
      "engines": {
        "node": ">=12.7.0"
      },
      "peerDependencies": {
        "react": ">=16.8"
      },
      "peerDependenciesMeta": {
        "react": {
          "optional": true
        }
      }
    }
  },
  "dependencies": {
    "@disco3/types": {
      "version": "0.0.9",
      "resolved": "https://registry.npmjs.org/@disco3/types/-/types-0.0.9.tgz",
      "integrity": "sha512-FhBk5aV1td/sck0FiNGqQQ9KuGNT3gN8RqCE4dJ1ne4nubpjWtvr7Vx7OrKNbI+sgYCHOwG5LzzwEIEavdjfqA==",
      "requires": {
        "zustand": "^4.0.0-beta.0"
      }
    },
    "@ethersproject/address": {
      "version": "5.5.0",
      "resolved": "https://registry.npmjs.org/@ethersproject/address/-/address-5.5.0.tgz",
      "integrity": "sha512-l4Nj0eWlTUh6ro5IbPTgbpT4wRbdH5l8CQf7icF7sb/SI3Nhd9Y9HzhonTSTi6CefI0necIw7LJqQPopPLZyWw==",
      "requires": {
        "@ethersproject/bignumber": "^5.5.0",
        "@ethersproject/bytes": "^5.5.0",
        "@ethersproject/keccak256": "^5.5.0",
        "@ethersproject/logger": "^5.5.0",
        "@ethersproject/rlp": "^5.5.0"
      }
    },
    "@ethersproject/bignumber": {
      "version": "5.5.0",
      "resolved": "https://registry.npmjs.org/@ethersproject/bignumber/-/bignumber-5.5.0.tgz",
      "integrity": "sha512-6Xytlwvy6Rn3U3gKEc1vP7nR92frHkv6wtVr95LFR3jREXiCPzdWxKQ1cx4JGQBXxcguAwjA8murlYN2TSiEbg==",
      "requires": {
        "@ethersproject/bytes": "^5.5.0",
        "@ethersproject/logger": "^5.5.0",
        "bn.js": "^4.11.9"
      }
    },
    "@ethersproject/bytes": {
      "version": "5.5.0",
      "resolved": "https://registry.npmjs.org/@ethersproject/bytes/-/bytes-5.5.0.tgz",
      "integrity": "sha512-ABvc7BHWhZU9PNM/tANm/Qx4ostPGadAuQzWTr3doklZOhDlmcBqclrQe/ZXUIj3K8wC28oYeuRa+A37tX9kog==",
      "requires": {
        "@ethersproject/logger": "^5.5.0"
      }
    },
    "@ethersproject/keccak256": {
      "version": "5.5.0",
      "resolved": "https://registry.npmjs.org/@ethersproject/keccak256/-/keccak256-5.5.0.tgz",
      "integrity": "sha512-5VoFCTjo2rYbBe1l2f4mccaRFN/4VQEYFwwn04aJV2h7qf4ZvI2wFxUE1XOX+snbwCLRzIeikOqtAoPwMza9kg==",
      "requires": {
        "@ethersproject/bytes": "^5.5.0",
        "js-sha3": "0.8.0"
      }
    },
    "@ethersproject/logger": {
      "version": "5.5.0",
      "resolved": "https://registry.npmjs.org/@ethersproject/logger/-/logger-5.5.0.tgz",
      "integrity": "sha512-rIY/6WPm7T8n3qS2vuHTUBPdXHl+rGxWxW5okDfo9J4Z0+gRRZT0msvUdIJkE4/HS29GUMziwGaaKO2bWONBrg=="
    },
    "@ethersproject/rlp": {
      "version": "5.5.0",
      "resolved": "https://registry.npmjs.org/@ethersproject/rlp/-/rlp-5.5.0.tgz",
      "integrity": "sha512-hLv8XaQ8PTI9g2RHoQGf/WSxBfTB/NudRacbzdxmst5VHAqd1sMibWG7SENzT5Dj3yZ3kJYx+WiRYEcQTAkcYA==",
      "requires": {
        "@ethersproject/bytes": "^5.5.0",
        "@ethersproject/logger": "^5.5.0"
      }
    },
    "bn.js": {
      "version": "4.12.0",
      "resolved": "https://registry.npmjs.org/bn.js/-/bn.js-4.12.0.tgz",
      "integrity": "sha512-c98Bf3tPniI+scsdk237ku1Dc3ujXQTSgyiPUDEOe7tRkhrqridvh8klBv0HCEso1OLOYcHuCv/cS6DNxKH+ZA=="
    },
    "js-sha3": {
      "version": "0.8.0",
      "resolved": "https://registry.npmjs.org/js-sha3/-/js-sha3-0.8.0.tgz",
      "integrity": "sha512-gF1cRrHhIzNfToc802P800N8PpXS+evLLXfsVpowqmAFR9uwbi89WvXg2QspOmXL8QL86J4T1EpFu+yUkwJY3Q=="
    },
    "js-tokens": {
      "version": "4.0.0",
      "resolved": "https://registry.npmjs.org/js-tokens/-/js-tokens-4.0.0.tgz",
      "integrity": "sha512-RdJUflcE3cUzKiMqQgsCu06FPu9UdIJO0beYbPhHN4k6apgJtifcoCtT9bcxOpYBtpD2kCM6Sbzg4CausW/PKQ==",
      "peer": true
    },
    "loose-envify": {
      "version": "1.4.0",
      "resolved": "https://registry.npmjs.org/loose-envify/-/loose-envify-1.4.0.tgz",
      "integrity": "sha512-lyuxPGr/Wfhrlem2CL/UcnUc1zcqKAImBDzukY7Y5F/yQiNdko6+fRLevlw1HgMySw7f611UIY408EtxRSoK3Q==",
      "peer": true,
      "requires": {
        "js-tokens": "^3.0.0 || ^4.0.0"
      }
    },
    "object-assign": {
      "version": "4.1.1",
      "resolved": "https://registry.npmjs.org/object-assign/-/object-assign-4.1.1.tgz",
      "integrity": "sha1-IQmtx5ZYh8/AXLvUQsrIv7s2CGM=",
      "peer": true
    },
    "react": {
      "version": "18.0.0-beta-96ca8d915-20211115",
      "resolved": "https://registry.npmjs.org/react/-/react-18.0.0-beta-96ca8d915-20211115.tgz",
      "integrity": "sha512-Io6qvToVSO1UWNWbJSH16gbgYTkseSbfpQvLaB7JPutt0QVvjpUlEE0nfmww77CFdawxGkyfm/x4zvNTlMkHsw==",
      "peer": true,
      "requires": {
        "loose-envify": "^1.1.0",
        "object-assign": "^4.1.1"
      }
    },
    "use-sync-external-store": {
      "version": "1.0.0-beta-96ca8d915-20211115",
      "resolved": "https://registry.npmjs.org/use-sync-external-store/-/use-sync-external-store-1.0.0-beta-96ca8d915-20211115.tgz",
      "integrity": "sha512-Xkzd7SoZv29jYc95GO0k1v69oSHUdC+4nNaBQ309zvFFyvzYn+I87ee+OD1RKF8SGRwkEJQxjyFzYRcncdpSSg==",
      "requires": {}
    },
    "zustand": {
      "version": "4.0.0-beta.0",
      "resolved": "https://registry.npmjs.org/zustand/-/zustand-4.0.0-beta.0.tgz",
      "integrity": "sha512-m7POAHkAeTEQqUdGC9M62/KXSsX6YQu6Gd4CiGZ6FOOTaUp1a0Hm9D8/fnBiMv8rGg0dfZu19JFSbRT9b+qQwA==",
      "requires": {
        "use-sync-external-store": "1.0.0-beta-96ca8d915-20211115"
      }
    }
  }
}
