# THIS IS AN AUTOGENERATED FILE. DO NOT EDIT THIS FILE DIRECTLY.
# yarn lockfile v1


"@ethersproject/address@^5.4.0":
  "integrity" "sha512-l4Nj0eWlTUh6ro5IbPTgbpT4wRbdH5l8CQf7icF7sb/SI3Nhd9Y9HzhonTSTi6CefI0necIw7LJqQPopPLZyWw=="
  "resolved" "https://registry.npmjs.org/@ethersproject/address/-/address-5.5.0.tgz"
  "version" "5.5.0"
  dependencies:
    "@ethersproject/bignumber" "^5.5.0"
    "@ethersproject/bytes" "^5.5.0"
    "@ethersproject/keccak256" "^5.5.0"
    "@ethersproject/logger" "^5.5.0"
    "@ethersproject/rlp" "^5.5.0"

"@ethersproject/bignumber@^5.5.0":
  "integrity" "sha512-6Xytlwvy6Rn3U3gKEc1vP7nR92frHkv6wtVr95LFR3jREXiCPzdWxKQ1cx4JGQBXxcguAwjA8murlYN2TSiEbg=="
  "resolved" "https://registry.npmjs.org/@ethersproject/bignumber/-/bignumber-5.5.0.tgz"
  "version" "5.5.0"
  dependencies:
    "@ethersproject/bytes" "^5.5.0"
    "@ethersproject/logger" "^5.5.0"
    "bn.js" "^4.11.9"

"@ethersproject/bytes@^5.5.0":
  "integrity" "sha512-ABvc7BHWhZU9PNM/tANm/Qx4ostPGadAuQzWTr3doklZOhDlmcBqclrQe/ZXUIj3K8wC28oYeuRa+A37tX9kog=="
  "resolved" "https://registry.npmjs.org/@ethersproject/bytes/-/bytes-5.5.0.tgz"
  "version" "5.5.0"
  dependencies:
    "@ethersproject/logger" "^5.5.0"

"@ethersproject/keccak256@^5.5.0":
  "integrity" "sha512-5VoFCTjo2rYbBe1l2f4mccaRFN/4VQEYFwwn04aJV2h7qf4ZvI2wFxUE1XOX+snbwCLRzIeikOqtAoPwMza9kg=="
  "resolved" "https://registry.npmjs.org/@ethersproject/keccak256/-/keccak256-5.5.0.tgz"
  "version" "5.5.0"
  dependencies:
    "@ethersproject/bytes" "^5.5.0"
    "js-sha3" "0.8.0"

"@ethersproject/logger@^5.5.0":
  "integrity" "sha512-rIY/6WPm7T8n3qS2vuHTUBPdXHl+rGxWxW5okDfo9J4Z0+gRRZT0msvUdIJkE4/HS29GUMziwGaaKO2bWONBrg=="
  "resolved" "https://registry.npmjs.org/@ethersproject/logger/-/logger-5.5.0.tgz"
  "version" "5.5.0"

"@ethersproject/rlp@^5.5.0":
  "integrity" "sha512-hLv8XaQ8PTI9g2RHoQGf/WSxBfTB/NudRacbzdxmst5VHAqd1sMibWG7SENzT5Dj3yZ3kJYx+WiRYEcQTAkcYA=="
  "resolved" "https://registry.npmjs.org/@ethersproject/rlp/-/rlp-5.5.0.tgz"
  "version" "5.5.0"
  dependencies:
    "@ethersproject/bytes" "^5.5.0"
    "@ethersproject/logger" "^5.5.0"

"bn.js@^4.11.9":
  "integrity" "sha512-c98Bf3tPniI+scsdk237ku1Dc3ujXQTSgyiPUDEOe7tRkhrqridvh8klBv0HCEso1OLOYcHuCv/cS6DNxKH+ZA=="
  "resolved" "https://registry.npmjs.org/bn.js/-/bn.js-4.12.0.tgz"
  "version" "4.12.0"

"js-sha3@0.8.0":
  "integrity" "sha512-gF1cRrHhIzNfToc802P800N8PpXS+evLLXfsVpowqmAFR9uwbi89WvXg2QspOmXL8QL86J4T1EpFu+yUkwJY3Q=="
  "resolved" "https://registry.npmjs.org/js-sha3/-/js-sha3-0.8.0.tgz"
  "version" "0.8.0"

"js-tokens@^3.0.0 || ^4.0.0":
  "integrity" "sha512-RdJUflcE3cUzKiMqQgsCu06FPu9UdIJO0beYbPhHN4k6apgJtifcoCtT9bcxOpYBtpD2kCM6Sbzg4CausW/PKQ=="
  "resolved" "https://registry.npmjs.org/js-tokens/-/js-tokens-4.0.0.tgz"
  "version" "4.0.0"

"loose-envify@^1.1.0":
  "integrity" "sha512-lyuxPGr/Wfhrlem2CL/UcnUc1zcqKAImBDzukY7Y5F/yQiNdko6+fRLevlw1HgMySw7f611UIY408EtxRSoK3Q=="
  "resolved" "https://registry.npmjs.org/loose-envify/-/loose-envify-1.4.0.tgz"
  "version" "1.4.0"
  dependencies:
    "js-tokens" "^3.0.0 || ^4.0.0"

"object-assign@^4.1.1":
  "integrity" "sha1-IQmtx5ZYh8/AXLvUQsrIv7s2CGM="
  "resolved" "https://registry.npmjs.org/object-assign/-/object-assign-4.1.1.tgz"
  "version" "4.1.1"

"react@>=16.8", "react@18.0.0-beta-96ca8d915-20211115":
  "integrity" "sha512-Io6qvToVSO1UWNWbJSH16gbgYTkseSbfpQvLaB7JPutt0QVvjpUlEE0nfmww77CFdawxGkyfm/x4zvNTlMkHsw=="
  "resolved" "https://registry.npmjs.org/react/-/react-18.0.0-beta-96ca8d915-20211115.tgz"
  "version" "18.0.0-beta-96ca8d915-20211115"
  dependencies:
    "loose-envify" "^1.1.0"
    "object-assign" "^4.1.1"

"use-sync-external-store@1.0.0-beta-96ca8d915-20211115":
  "integrity" "sha512-Xkzd7SoZv29jYc95GO0k1v69oSHUdC+4nNaBQ309zvFFyvzYn+I87ee+OD1RKF8SGRwkEJQxjyFzYRcncdpSSg=="
  "resolved" "https://registry.npmjs.org/use-sync-external-store/-/use-sync-external-store-1.0.0-beta-96ca8d915-20211115.tgz"
  "version" "1.0.0-beta-96ca8d915-20211115"

"zustand@^4.0.0-beta.0":
  "integrity" "sha512-m7POAHkAeTEQqUdGC9M62/KXSsX6YQu6Gd4CiGZ6FOOTaUp1a0Hm9D8/fnBiMv8rGg0dfZu19JFSbRT9b+qQwA=="
  "resolved" "https://registry.npmjs.org/zustand/-/zustand-4.0.0-beta.0.tgz"
  "version" "4.0.0-beta.0"
  dependencies:
    "use-sync-external-store" "1.0.0-beta-96ca8d915-20211115"
