{
	"name": "ui",
	"version": "0.0.10",
	"lockfileVersion": 2,
	"requires": true,
	"packages": {
		"": {
			"name": "ui",
			"version": "0.0.0",
			"license": "MIT",
			"devDependencies": {
				"@types/react": "^17.0.37",
				"@types/react-dom": "^17.0.11",
				"typescript": "^4.5.3"
			}
		},
		"../config": {
			"version": "0.0.0",
			"extraneous": true,
			"license": "MIT",
			"dependencies": {
				"eslint-config-next": "^12.0.7",
				"eslint-config-prettier": "^8.3.0"
			}
		},
		"../tsconfig": {
			"version": "0.0.0",
			"extraneous": true
		},
		"node_modules/@types/react": {
			"version": "17.0.38",
			"dev": true,
			"license": "MIT",
			"dependencies": {
				"@types/prop-types": "*",
				"@types/scheduler": "*",
				"csstype": "^3.0.2"
			}
		},
		"node_modules/@types/react-dom": {
			"version": "17.0.11",
			"resolved": "https://registry.npmjs.org/@types/react-dom/-/react-dom-17.0.11.tgz",
			"integrity": "sha512-f96K3k+24RaLGVu/Y2Ng3e1EbZ8/cVJvypZWd7cy0ofCBaf2lcM46xNhycMZ2xGwbBjRql7hOlZ+e2WlJ5MH3Q==",
			"dev": true,
			"dependencies": {
				"@types/react": "*"
			}
		},
		"node_modules/typescript": {
			"version": "4.5.4",
			"resolved": "https://registry.npmjs.org/typescript/-/typescript-4.5.4.tgz",
			"integrity": "sha512-VgYs2A2QIRuGphtzFV7aQJduJ2gyfTljngLzjpfW9FoYZF6xuw1W0vW9ghCKLfcWrCFxK81CSGRAvS1pn4fIUg==",
			"dev": true,
			"bin": {
				"tsc": "bin/tsc",
				"tsserver": "bin/tsserver"
			},
			"engines": {
				"node": ">=4.2.0"
			}
		}
	},
	"dependencies": {
		"@types/react": {
			"version": "17.0.38",
			"dev": true,
			"requires": {
				"@types/prop-types": "*",
				"@types/scheduler": "*",
				"csstype": "^3.0.2"
			}
		},
		"@types/react-dom": {
			"version": "17.0.11",
			"resolved": "https://registry.npmjs.org/@types/react-dom/-/react-dom-17.0.11.tgz",
			"integrity": "sha512-f96K3k+24RaLGVu/Y2Ng3e1EbZ8/cVJvypZWd7cy0ofCBaf2lcM46xNhycMZ2xGwbBjRql7hOlZ+e2WlJ5MH3Q==",
			"dev": true,
			"requires": {
				"@types/react": "*"
			}
		},
		"typescript": {
			"version": "4.5.4",
			"resolved": "https://registry.npmjs.org/typescript/-/typescript-4.5.4.tgz",
			"integrity": "sha512-VgYs2A2QIRuGphtzFV7aQJduJ2gyfTljngLzjpfW9FoYZF6xuw1W0vW9ghCKLfcWrCFxK81CSGRAvS1pn4fIUg==",
			"dev": true
		}
	}
}
